
Microsoft Visual Studio Solution File, Format Version 12.00
# Visual Studio Version 17
VisualStudioVersion = 17.6.33815.320
MinimumVisualStudioVersion = 10.0.40219.1
Project("{2150E333-8FDC-42A3-9474-1A3956D46DE8}") = "90 Presentation", "90 Presentation", "{03400E53-386E-4D03-8F1C-FD4BED0CCD64}"
EndProject
Project("{2150E333-8FDC-42A3-9474-1A3956D46DE8}") = "50 Modules", "50 Modules", "{86B05669-3C72-4749-8264-8D858EE068C5}"
EndProject
Project("{2150E333-8FDC-42A3-9474-1A3956D46DE8}") = "80 Infrastructure", "80 Infrastructure", "{9EE11E33-31A2-47AF-B828-3609C4CE44ED}"
EndProject
Project("{2150E333-8FDC-42A3-9474-1A3956D46DE8}") = "Purchases", "Purchases", "{7B85AEEF-DACE-4234-A7D3-552E2372C683}"
EndProject
Project("{2150E333-8FDC-42A3-9474-1A3956D46DE8}") = "Warehouses", "Warehouses", "{57FCF6FE-83FC-437E-B1CB-ED505110143E}"
EndProject
Project("{2150E333-8FDC-42A3-9474-1A3956D46DE8}") = "Tests", "Tests", "{AE48D3C0-DE15-40B9-8D33-02EB49471757}"
EndProject
Project("{2150E333-8FDC-42A3-9474-1A3956D46DE8}") = "Tests", "Tests", "{4251AD99-3E16-4D1B-800C-6224FA94D0CA}"
EndProject
Project("{9A19103F-16F7-4668-BE54-9A1E7A4F7556}") = "BrewUp", "BrewUp\BrewUp.csproj", "{559A71CC-FBC6-43D1-9EEB-FB1B856670D1}"
EndProject
Project("{9A19103F-16F7-4668-BE54-9A1E7A4F7556}") = "BrewUp.Modules.Purchases", "BrewUp.Modules.Purchases\BrewUp.Modules.Purchases.csproj", "{2F22E036-FB0D-499E-8008-D467B6D0A10B}"
EndProject
Project("{9A19103F-16F7-4668-BE54-9A1E7A4F7556}") = "BrewUp.Modules.Purchases.Messages", "BrewUp.Modules.Purchases.Messages\BrewUp.Modules.Purchases.Messages.csproj", "{8BF19E26-BB18-4A19-A74D-D9F612DB1317}"
EndProject
Project("{9A19103F-16F7-4668-BE54-9A1E7A4F7556}") = "BrewUp.Modules.Purchases.SharedKernel", "BrewUp.Modules.Purchases.SharedKernel\BrewUp.Modules.Purchases.SharedKernel.csproj", "{0DC05204-52F1-4688-99D8-F3A7D9DCE81E}"
EndProject
Project("{9A19103F-16F7-4668-BE54-9A1E7A4F7556}") = "BrewUp.Modules.Warehouses", "BrewUp.Modules.Warehouses\BrewUp.Modules.Warehouses.csproj", "{1F8F8763-2C0E-48A6-B6E2-926CB10518FD}"
EndProject
Project("{9A19103F-16F7-4668-BE54-9A1E7A4F7556}") = "BrewUp.Modules.Purchases.Domain", "BrewUp.Modules.Purchases.Domain\BrewUp.Modules.Purchases.Domain.csproj", "{04303B6C-93DF-45F9-8AE5-32B3F6AD455A}"
EndProject
Project("{9A19103F-16F7-4668-BE54-9A1E7A4F7556}") = "BrewUp.Modules.Purchases.ReadModel", "BrewUp.Modules.Purchases.ReadModel\BrewUp.Modules.Purchases.ReadModel.csproj", "{A8AB6990-F1A1-47BE-AEA9-5735C6C3F2DE}"
EndProject
Project("{FAE04EC0-301F-11D3-BF4B-00C04F79EFBC}") = "BrewUp.Modules.Purchases.Domain.Tests", "BrewUp.Modules.Purchases.Domain.Tests\BrewUp.Modules.Purchases.Domain.Tests.csproj", "{48D1B82B-0252-48FF-8714-6FDB0A4C3054}"
EndProject
Project("{FAE04EC0-301F-11D3-BF4B-00C04F79EFBC}") = "BrewUp.Modules.Warehouses.SharedKernel", "BrewUp.Modules.Warehouses.SharedKernel\BrewUp.Modules.Warehouses.SharedKernel.csproj", "{3D3DF137-AA0A-41C4-8EA1-6D7ACF0E0DDE}"
EndProject
Project("{FAE04EC0-301F-11D3-BF4B-00C04F79EFBC}") = "BrewUp.Modules.Warehouses.Messages", "BrewUp.Modules.Warehouses.Messages\BrewUp.Modules.Warehouses.Messages.csproj", "{94A84E40-964C-4F39-A4C4-939168AE4647}"
EndProject
Project("{FAE04EC0-301F-11D3-BF4B-00C04F79EFBC}") = "BrewUp.Modules.Warehouses.ReadModel", "BrewUp.Modules.Warehouses.ReadModel\BrewUp.Modules.Warehouses.ReadModel.csproj", "{2F87E04B-25B5-4560-910E-D540595F91CE}"
EndProject
Project("{FAE04EC0-301F-11D3-BF4B-00C04F79EFBC}") = "BrewUp.Modules.Warehouses.Sagas", "BrewUp.Modules.Warehouses.Sagas\BrewUp.Modules.Warehouses.Sagas.csproj", "{7E1AC9FB-DC77-4887-9826-7ED16FD0F5A5}"
EndProject
Project("{FAE04EC0-301F-11D3-BF4B-00C04F79EFBC}") = "BrewUp.Modules.Warehouses.Domain", "BrewUp.Modules.Warehouses.Domain\BrewUp.Modules.Warehouses.Domain.csproj", "{3EA19097-40F7-4A10-8BCE-2C72A3919FD5}"
EndProject
Project("{FAE04EC0-301F-11D3-BF4B-00C04F79EFBC}") = "BrewUp.Infrastructure", "BrewUp.Infrastructure\BrewUp.Infrastructure.csproj", "{F34627C2-B211-4276-8249-E1B1A8F8681D}"
EndProject
Global
	GlobalSection(SolutionConfigurationPlatforms) = preSolution
		Debug|Any CPU = Debug|Any CPU
		Release|Any CPU = Release|Any CPU
	EndGlobalSection
	GlobalSection(ProjectConfigurationPlatforms) = postSolution
		{559A71CC-FBC6-43D1-9EEB-FB1B856670D1}.Debug|Any CPU.ActiveCfg = Debug|Any CPU
		{559A71CC-FBC6-43D1-9EEB-FB1B856670D1}.Debug|Any CPU.Build.0 = Debug|Any CPU
		{559A71CC-FBC6-43D1-9EEB-FB1B856670D1}.Release|Any CPU.ActiveCfg = Release|Any CPU
		{559A71CC-FBC6-43D1-9EEB-FB1B856670D1}.Release|Any CPU.Build.0 = Release|Any CPU
		{2F22E036-FB0D-499E-8008-D467B6D0A10B}.Debug|Any CPU.ActiveCfg = Debug|Any CPU
		{2F22E036-FB0D-499E-8008-D467B6D0A10B}.Debug|Any CPU.Build.0 = Debug|Any CPU
		{2F22E036-FB0D-499E-8008-D467B6D0A10B}.Release|Any CPU.ActiveCfg = Release|Any CPU
		{2F22E036-FB0D-499E-8008-D467B6D0A10B}.Release|Any CPU.Build.0 = Release|Any CPU
		{8BF19E26-BB18-4A19-A74D-D9F612DB1317}.Debug|Any CPU.ActiveCfg = Debug|Any CPU
		{8BF19E26-BB18-4A19-A74D-D9F612DB1317}.Debug|Any CPU.Build.0 = Debug|Any CPU
		{8BF19E26-BB18-4A19-A74D-D9F612DB1317}.Release|Any CPU.ActiveCfg = Release|Any CPU
		{8BF19E26-BB18-4A19-A74D-D9F612DB1317}.Release|Any CPU.Build.0 = Release|Any CPU
		{0DC05204-52F1-4688-99D8-F3A7D9DCE81E}.Debug|Any CPU.ActiveCfg = Debug|Any CPU
		{0DC05204-52F1-4688-99D8-F3A7D9DCE81E}.Debug|Any CPU.Build.0 = Debug|Any CPU
		{0DC05204-52F1-4688-99D8-F3A7D9DCE81E}.Release|Any CPU.ActiveCfg = Release|Any CPU
		{0DC05204-52F1-4688-99D8-F3A7D9DCE81E}.Release|Any CPU.Build.0 = Release|Any CPU
		{1F8F8763-2C0E-48A6-B6E2-926CB10518FD}.Debug|Any CPU.ActiveCfg = Debug|Any CPU
		{1F8F8763-2C0E-48A6-B6E2-926CB10518FD}.Debug|Any CPU.Build.0 = Debug|Any CPU
		{1F8F8763-2C0E-48A6-B6E2-926CB10518FD}.Release|Any CPU.ActiveCfg = Release|Any CPU
		{1F8F8763-2C0E-48A6-B6E2-926CB10518FD}.Release|Any CPU.Build.0 = Release|Any CPU
		{04303B6C-93DF-45F9-8AE5-32B3F6AD455A}.Debug|Any CPU.ActiveCfg = Debug|Any CPU
		{04303B6C-93DF-45F9-8AE5-32B3F6AD455A}.Debug|Any CPU.Build.0 = Debug|Any CPU
		{04303B6C-93DF-45F9-8AE5-32B3F6AD455A}.Release|Any CPU.ActiveCfg = Release|Any CPU
		{04303B6C-93DF-45F9-8AE5-32B3F6AD455A}.Release|Any CPU.Build.0 = Release|Any CPU
		{A8AB6990-F1A1-47BE-AEA9-5735C6C3F2DE}.Debug|Any CPU.ActiveCfg = Debug|Any CPU
		{A8AB6990-F1A1-47BE-AEA9-5735C6C3F2DE}.Debug|Any CPU.Build.0 = Debug|Any CPU
		{A8AB6990-F1A1-47BE-AEA9-5735C6C3F2DE}.Release|Any CPU.ActiveCfg = Release|Any CPU
		{A8AB6990-F1A1-47BE-AEA9-5735C6C3F2DE}.Release|Any CPU.Build.0 = Release|Any CPU
		{48D1B82B-0252-48FF-8714-6FDB0A4C3054}.Debug|Any CPU.ActiveCfg = Debug|Any CPU
		{48D1B82B-0252-48FF-8714-6FDB0A4C3054}.Debug|Any CPU.Build.0 = Debug|Any CPU
		{48D1B82B-0252-48FF-8714-6FDB0A4C3054}.Release|Any CPU.ActiveCfg = Release|Any CPU
		{48D1B82B-0252-48FF-8714-6FDB0A4C3054}.Release|Any CPU.Build.0 = Release|Any CPU
		{3D3DF137-AA0A-41C4-8EA1-6D7ACF0E0DDE}.Debug|Any CPU.ActiveCfg = Debug|Any CPU
		{3D3DF137-AA0A-41C4-8EA1-6D7ACF0E0DDE}.Debug|Any CPU.Build.0 = Debug|Any CPU
		{3D3DF137-AA0A-41C4-8EA1-6D7ACF0E0DDE}.Release|Any CPU.ActiveCfg = Release|Any CPU
		{3D3DF137-AA0A-41C4-8EA1-6D7ACF0E0DDE}.Release|Any CPU.Build.0 = Release|Any CPU
		{94A84E40-964C-4F39-A4C4-939168AE4647}.Debug|Any CPU.ActiveCfg = Debug|Any CPU
		{94A84E40-964C-4F39-A4C4-939168AE4647}.Debug|Any CPU.Build.0 = Debug|Any CPU
		{94A84E40-964C-4F39-A4C4-939168AE4647}.Release|Any CPU.ActiveCfg = Release|Any CPU
		{94A84E40-964C-4F39-A4C4-939168AE4647}.Release|Any CPU.Build.0 = Release|Any CPU
		{2F87E04B-25B5-4560-910E-D540595F91CE}.Debug|Any CPU.ActiveCfg = Debug|Any CPU
		{2F87E04B-25B5-4560-910E-D540595F91CE}.Debug|Any CPU.Build.0 = Debug|Any CPU
		{2F87E04B-25B5-4560-910E-D540595F91CE}.Release|Any CPU.ActiveCfg = Release|Any CPU
		{2F87E04B-25B5-4560-910E-D540595F91CE}.Release|Any CPU.Build.0 = Release|Any CPU
		{7E1AC9FB-DC77-4887-9826-7ED16FD0F5A5}.Debug|Any CPU.ActiveCfg = Debug|Any CPU
		{7E1AC9FB-DC77-4887-9826-7ED16FD0F5A5}.Debug|Any CPU.Build.0 = Debug|Any CPU
		{7E1AC9FB-DC77-4887-9826-7ED16FD0F5A5}.Release|Any CPU.ActiveCfg = Release|Any CPU
		{7E1AC9FB-DC77-4887-9826-7ED16FD0F5A5}.Release|Any CPU.Build.0 = Release|Any CPU
		{3EA19097-40F7-4A10-8BCE-2C72A3919FD5}.Debug|Any CPU.ActiveCfg = Debug|Any CPU
		{3EA19097-40F7-4A10-8BCE-2C72A3919FD5}.Debug|Any CPU.Build.0 = Debug|Any CPU
		{3EA19097-40F7-4A10-8BCE-2C72A3919FD5}.Release|Any CPU.ActiveCfg = Release|Any CPU
		{3EA19097-40F7-4A10-8BCE-2C72A3919FD5}.Release|Any CPU.Build.0 = Release|Any CPU
		{F34627C2-B211-4276-8249-E1B1A8F8681D}.Debug|Any CPU.ActiveCfg = Debug|Any CPU
		{F34627C2-B211-4276-8249-E1B1A8F8681D}.Debug|Any CPU.Build.0 = Debug|Any CPU
		{F34627C2-B211-4276-8249-E1B1A8F8681D}.Release|Any CPU.ActiveCfg = Release|Any CPU
		{F34627C2-B211-4276-8249-E1B1A8F8681D}.Release|Any CPU.Build.0 = Release|Any CPU
	EndGlobalSection
	GlobalSection(SolutionProperties) = preSolution
		HideSolutionNode = FALSE
	EndGlobalSection
	GlobalSection(NestedProjects) = preSolution
		{7B85AEEF-DACE-4234-A7D3-552E2372C683} = {86B05669-3C72-4749-8264-8D858EE068C5}
		{57FCF6FE-83FC-437E-B1CB-ED505110143E} = {86B05669-3C72-4749-8264-8D858EE068C5}
		{AE48D3C0-DE15-40B9-8D33-02EB49471757} = {7B85AEEF-DACE-4234-A7D3-552E2372C683}
		{4251AD99-3E16-4D1B-800C-6224FA94D0CA} = {57FCF6FE-83FC-437E-B1CB-ED505110143E}
		{559A71CC-FBC6-43D1-9EEB-FB1B856670D1} = {03400E53-386E-4D03-8F1C-FD4BED0CCD64}
		{2F22E036-FB0D-499E-8008-D467B6D0A10B} = {7B85AEEF-DACE-4234-A7D3-552E2372C683}
		{8BF19E26-BB18-4A19-A74D-D9F612DB1317} = {7B85AEEF-DACE-4234-A7D3-552E2372C683}
		{0DC05204-52F1-4688-99D8-F3A7D9DCE81E} = {7B85AEEF-DACE-4234-A7D3-552E2372C683}
		{1F8F8763-2C0E-48A6-B6E2-926CB10518FD} = {57FCF6FE-83FC-437E-B1CB-ED505110143E}
		{04303B6C-93DF-45F9-8AE5-32B3F6AD455A} = {7B85AEEF-DACE-4234-A7D3-552E2372C683}
		{A8AB6990-F1A1-47BE-AEA9-5735C6C3F2DE} = {7B85AEEF-DACE-4234-A7D3-552E2372C683}
		{48D1B82B-0252-48FF-8714-6FDB0A4C3054} = {AE48D3C0-DE15-40B9-8D33-02EB49471757}
		{3D3DF137-AA0A-41C4-8EA1-6D7ACF0E0DDE} = {57FCF6FE-83FC-437E-B1CB-ED505110143E}
		{94A84E40-964C-4F39-A4C4-939168AE4647} = {57FCF6FE-83FC-437E-B1CB-ED505110143E}
		{2F87E04B-25B5-4560-910E-D540595F91CE} = {57FCF6FE-83FC-437E-B1CB-ED505110143E}
		{7E1AC9FB-DC77-4887-9826-7ED16FD0F5A5} = {57FCF6FE-83FC-437E-B1CB-ED505110143E}
		{3EA19097-40F7-4A10-8BCE-2C72A3919FD5} = {57FCF6FE-83FC-437E-B1CB-ED505110143E}
		{F34627C2-B211-4276-8249-E1B1A8F8681D} = {9EE11E33-31A2-47AF-B828-3609C4CE44ED}
	EndGlobalSection
	GlobalSection(ExtensibilityGlobals) = postSolution
		SolutionGuid = {53BC98D8-DEEF-42C7-87D6-17A1D2DEE73E}
	EndGlobalSection
EndGlobal
